
Microsoft Visual Studio Solution File, Format Version 12.00
Project("{FAE04EC0-301F-11D3-BF4B-00C04F79EFBC}") = "SimpleFreePdfPrinter", "SimpleFreePdfPrinter.csproj", "{3807EBA3-B053-4211-A6FF-CCB2AE7C9FD7}"
EndProject
Project("{FAE04EC0-301F-11D3-BF4B-00C04F79EFBC}") = "SimpleFreePdfPrinter.Tests", "SimpleFreePdfPrinter.Tests\SimpleFreePdfPrinter.Tests.csproj", "{98A2075E-668E-4AC3-9CF3-05FB0883A3E5}"
EndProject
Global
	GlobalSection(SolutionConfigurationPlatforms) = preSolution
		Debug|x64 = Debug|x64
		Release|x64 = Release|x64
	EndGlobalSection
	GlobalSection(ProjectConfigurationPlatforms) = postSolution
		{3807EBA3-B053-4211-A6FF-CCB2AE7C9FD7}.Debug|x64.ActiveCfg = Debug|x64
		{3807EBA3-B053-4211-A6FF-CCB2AE7C9FD7}.Debug|x64.Build.0 = Debug|x64
		{3807EBA3-B053-4211-A6FF-CCB2AE7C9FD7}.Release|x64.ActiveCfg = Release|x64
		{3807EBA3-B053-4211-A6FF-CCB2AE7C9FD7}.Release|x64.Build.0 = Release|x64
		{98A2075E-668E-4AC3-9CF3-05FB0883A3E5}.Debug|x64.ActiveCfg = Debug|x64
		{98A2075E-668E-4AC3-9CF3-05FB0883A3E5}.Debug|x64.Build.0 = Debug|x64
		{98A2075E-668E-4AC3-9CF3-05FB0883A3E5}.Release|x64.ActiveCfg = Release|x64
		{98A2075E-668E-4AC3-9CF3-05FB0883A3E5}.Release|x64.Build.0 = Release|x64
	EndGlobalSection
EndGlobal
